
Microsoft Visual Studio Solution File, Format Version 12.00
# Visual Studio Version 16
VisualStudioVersion = 16.0.32428.217
MinimumVisualStudioVersion = 10.0.40219.1
Project("{FAE04EC0-301F-11D3-BF4B-00C04F79EFBC}") = "GunaProjekt", "GunaProjekt.csproj", "{7BCD1C40-7AEA-4D26-8DA8-4AAADD6A6332}"
EndProject
Global
	GlobalSection(SolutionConfigurationPlatforms) = preSolution
		Debug|Any CPU = Debug|Any CPU
		Release|Any CPU = Release|Any CPU
	EndGlobalSection
	GlobalSection(ProjectConfigurationPlatforms) = postSolution
		{7BCD1C40-7AEA-4D26-8DA8-4AAADD6A6332}.Debug|Any CPU.ActiveCfg = Debug|Any CPU
		{7BCD1C40-7AEA-4D26-8DA8-4AAADD6A6332}.Debug|Any CPU.Build.0 = Debug|Any CPU
		{7BCD1C40-7AEA-4D26-8DA8-4AAADD6A6332}.Release|Any CPU.ActiveCfg = Release|Any CPU
		{7BCD1C40-7AEA-4D26-8DA8-4AAADD6A6332}.Release|Any CPU.Build.0 = Release|Any CPU
	EndGlobalSection
	GlobalSection(SolutionProperties) = preSolution
		HideSolutionNode = FALSE
	EndGlobalSection
	GlobalSection(ExtensibilityGlobals) = postSolution
		SolutionGuid = {743795D8-11A7-4B7E-BDDB-08EE2901853E}
	EndGlobalSection
EndGlobal
